
Microsoft Visual Studio Solution File, Format Version 12.00
# Visual Studio 15
VisualStudioVersion = 15.0.26124.0
MinimumVisualStudioVersion = 15.0.26124.0
Project("{FAE04EC0-301F-11D3-BF4B-00C04F79EFBC}") = "FsDedunderator", "src\FsDedunderator.csproj", "{FA8BC978-4EC9-4740-B492-829B3DFA4FC0}"
EndProject
Project("{FAE04EC0-301F-11D3-BF4B-00C04F79EFBC}") = "FsDedunderatorTest", "test\FsDedunderatorTest.csproj", "{C9FDC953-A44F-4C51-8D86-550DD84199AC}"
EndProject
Global
	GlobalSection(SolutionConfigurationPlatforms) = preSolution
		Debug|Any CPU = Debug|Any CPU
		Debug|x64 = Debug|x64
		Debug|x86 = Debug|x86
		Release|Any CPU = Release|Any CPU
		Release|x64 = Release|x64
		Release|x86 = Release|x86
	EndGlobalSection
	GlobalSection(SolutionProperties) = preSolution
		HideSolutionNode = FALSE
	EndGlobalSection
	GlobalSection(ProjectConfigurationPlatforms) = postSolution
		{FA8BC978-4EC9-4740-B492-829B3DFA4FC0}.Debug|Any CPU.ActiveCfg = Debug|Any CPU
		{FA8BC978-4EC9-4740-B492-829B3DFA4FC0}.Debug|Any CPU.Build.0 = Debug|Any CPU
		{FA8BC978-4EC9-4740-B492-829B3DFA4FC0}.Debug|x64.ActiveCfg = Debug|Any CPU
		{FA8BC978-4EC9-4740-B492-829B3DFA4FC0}.Debug|x64.Build.0 = Debug|Any CPU
		{FA8BC978-4EC9-4740-B492-829B3DFA4FC0}.Debug|x86.ActiveCfg = Debug|Any CPU
		{FA8BC978-4EC9-4740-B492-829B3DFA4FC0}.Debug|x86.Build.0 = Debug|Any CPU
		{FA8BC978-4EC9-4740-B492-829B3DFA4FC0}.Release|Any CPU.ActiveCfg = Release|Any CPU
		{FA8BC978-4EC9-4740-B492-829B3DFA4FC0}.Release|Any CPU.Build.0 = Release|Any CPU
		{FA8BC978-4EC9-4740-B492-829B3DFA4FC0}.Release|x64.ActiveCfg = Release|Any CPU
		{FA8BC978-4EC9-4740-B492-829B3DFA4FC0}.Release|x64.Build.0 = Release|Any CPU
		{FA8BC978-4EC9-4740-B492-829B3DFA4FC0}.Release|x86.ActiveCfg = Release|Any CPU
		{FA8BC978-4EC9-4740-B492-829B3DFA4FC0}.Release|x86.Build.0 = Release|Any CPU
		{C9FDC953-A44F-4C51-8D86-550DD84199AC}.Debug|Any CPU.ActiveCfg = Debug|Any CPU
		{C9FDC953-A44F-4C51-8D86-550DD84199AC}.Debug|Any CPU.Build.0 = Debug|Any CPU
		{C9FDC953-A44F-4C51-8D86-550DD84199AC}.Debug|x64.ActiveCfg = Debug|Any CPU
		{C9FDC953-A44F-4C51-8D86-550DD84199AC}.Debug|x64.Build.0 = Debug|Any CPU
		{C9FDC953-A44F-4C51-8D86-550DD84199AC}.Debug|x86.ActiveCfg = Debug|Any CPU
		{C9FDC953-A44F-4C51-8D86-550DD84199AC}.Debug|x86.Build.0 = Debug|Any CPU
		{C9FDC953-A44F-4C51-8D86-550DD84199AC}.Release|Any CPU.ActiveCfg = Release|Any CPU
		{C9FDC953-A44F-4C51-8D86-550DD84199AC}.Release|Any CPU.Build.0 = Release|Any CPU
		{C9FDC953-A44F-4C51-8D86-550DD84199AC}.Release|x64.ActiveCfg = Release|Any CPU
		{C9FDC953-A44F-4C51-8D86-550DD84199AC}.Release|x64.Build.0 = Release|Any CPU
		{C9FDC953-A44F-4C51-8D86-550DD84199AC}.Release|x86.ActiveCfg = Release|Any CPU
		{C9FDC953-A44F-4C51-8D86-550DD84199AC}.Release|x86.Build.0 = Release|Any CPU
	EndGlobalSection
EndGlobal
